{
  "version": 4,
  "terraform_version": "1.0.3",
  "serial": 11,
  "lineage": "ec374713-e4b7-d2a9-6adc-d96382b08e45",
  "outputs": {
    "pet-name": {
      "value": "Mrs.concise.quagga",
      "type": "string"
    }
  },
  "resources": [
    {
      "mode": "managed",
      "type": "local_file",
      "name": "pet",
      "provider": "provider[\"registry.terraform.io/hashicorp/local\"]",
      "instances": [
        {
          "schema_version": 0,
          "attributes": {
            "content": "my favorite pet is mr white",
            "content_base64": null,
            "directory_permission": "0777",
            "file_permission": "0777",
            "filename": "~/desktop/vartest.txt",
            "id": "6f2a3cdb816b8a4f26421c39f4434bd4f95c0169",
            "sensitive_content": null,
            "source": null
          },
          "sensitive_attributes": [],
          "private": "bnVsbA=="
        }
      ]
    },
    {
      "mode": "managed",
      "type": "random_pet",
      "name": "my_pet",
      "provider": "provider[\"registry.terraform.io/hashicorp/random\"]",
      "instances": [
        {
          "schema_version": 0,
          "attributes": {
            "id": "Mrs.concise.quagga",
            "keepers": null,
            "length": 2,
            "prefix": "Mrs",
            "separator": "."
          },
          "sensitive_attributes": [],
          "private": "bnVsbA=="
        }
      ]
    }
  ]
}
